{
  "nodes": {
    "flake-utils": {
      "inputs": {
        "systems": "systems"
      },
      "locked": {
        "lastModified": 1694529238,
        "narHash": "sha256-zsNZZGTGnMOf9YpHKJqMSsa0dXbfmxeoJ7xHlrt+xmY=",
        "owner": "numtide",
        "repo": "flake-utils",
        "rev": "ff7b65b44d01cf9ba6a71320833626af21126384",
        "type": "github"
      },
      "original": {
        "owner": "numtide",
        "repo": "flake-utils",
        "type": "github"
      }
    },
    "nixpkgs": {
      "locked": {
        "lastModified": 1696604326,
        "narHash": "sha256-YXUNI0kLEcI5g8lqGMb0nh67fY9f2YoJsILafh6zlMo=",
        "owner": "nixos",
        "repo": "nixpkgs",
        "rev": "87828a0e03d1418e848d3dd3f3014a632e4a4f64",
        "type": "github"
      },
      "original": {
        "owner": "nixos",
        "ref": "nixos-unstable",
        "repo": "nixpkgs",
        "type": "github"
      }
    },
    "root": {
      "inputs": {
        "flake-utils": "flake-utils",
        "nixpkgs": "nixpkgs",
        "snitch-repo": "snitch-repo"
      }
    },
    "snitch-repo": {
      "flake": false,
      "locked": {
        "lastModified": 1696758016,
        "narHash": "sha256-OIZmRrHE4LWAl5JjcGhos+CgPSrHA1GJriMFxUvYae4=",
        "owner": "cschreib",
        "repo": "snitch",
        "rev": "39421a0046f61a20569a01d8ea68fa061fb3e318",
        "type": "github"
      },
      "original": {
        "owner": "cschreib",
        "repo": "snitch",
        "type": "github"
      }
    },
    "systems": {
      "locked": {
        "lastModified": 1681028828,
        "narHash": "sha256-Vy1rq5AaRuLzOxct8nz4T6wlgyUR7zLU309k9mBC768=",
        "owner": "nix-systems",
        "repo": "default",
        "rev": "da67096a3b9bf56a91d16901293e51ba5b49a27e",
        "type": "github"
      },
      "original": {
        "owner": "nix-systems",
        "repo": "default",
        "type": "github"
      }
    }
  },
  "root": "root",
  "version": 7
}
